
Microsoft Visual Studio Solution File, Format Version 12.00
# Visual Studio 15
VisualStudioVersion = 15.0.26730.16
MinimumVisualStudioVersion = 10.0.40219.1
Project("{8BC9CEB8-8B4A-11D0-8D11-00A0C91BC942}") = "VCT", "VCT\VCT.vcxproj", "{14BF906F-7FE2-4F27-B292-8F089827318C}"
EndProject
Global
	GlobalSection(SolutionConfigurationPlatforms) = preSolution
		Debug|x64 = Debug|x64
		Debug|x86 = Debug|x86
		Release|x64 = Release|x64
		Release|x86 = Release|x86
	EndGlobalSection
	GlobalSection(ProjectConfigurationPlatforms) = postSolution
		{14BF906F-7FE2-4F27-B292-8F089827318C}.Debug|x64.ActiveCfg = Debug|x64
		{14BF906F-7FE2-4F27-B292-8F089827318C}.Debug|x64.Build.0 = Debug|x64
		{14BF906F-7FE2-4F27-B292-8F089827318C}.Debug|x86.ActiveCfg = Debug|Win32
		{14BF906F-7FE2-4F27-B292-8F089827318C}.Debug|x86.Build.0 = Debug|Win32
		{14BF906F-7FE2-4F27-B292-8F089827318C}.Release|x64.ActiveCfg = Release|x64
		{14BF906F-7FE2-4F27-B292-8F089827318C}.Release|x64.Build.0 = Release|x64
		{14BF906F-7FE2-4F27-B292-8F089827318C}.Release|x86.ActiveCfg = Release|Win32
		{14BF906F-7FE2-4F27-B292-8F089827318C}.Release|x86.Build.0 = Release|Win32
	EndGlobalSection
	GlobalSection(SolutionProperties) = preSolution
		HideSolutionNode = FALSE
	EndGlobalSection
	GlobalSection(ExtensibilityGlobals) = postSolution
		SolutionGuid = {0F6F2A12-B545-48E0-8CFC-19D97F02F394}
	EndGlobalSection
EndGlobal
